// !$*UTF8*$!
{
	archiveVersion = 1;
	classes = {
	};
	objectVersion = 56;
	objects = {

/* Begin PBXBuildFile section */
		8958FC7F2B0FFA6D0072EAC8 /* AppDelegate.swift in Sources */ = {isa = PBXBuildFile; fileRef = 8958FC7E2B0FFA6D0072EAC8 /* AppDelegate.swift */; };
		8958FC812B0FFA6D0072EAC8 /* SceneDelegate.swift in Sources */ = {isa = PBXBuildFile; fileRef = 8958FC802B0FFA6D0072EAC8 /* SceneDelegate.swift */; };
		8958FC882B0FFA6E0072EAC8 /* Assets.xcassets in Resources */ = {isa = PBXBuildFile; fileRef = 8958FC872B0FFA6E0072EAC8 /* Assets.xcassets */; };
		8958FC8B2B0FFA6E0072EAC8 /* LaunchScreen.storyboard in Resources */ = {isa = PBXBuildFile; fileRef = 8958FC892B0FFA6E0072EAC8 /* LaunchScreen.storyboard */; };
		8958FCD02B10007F0072EAC8 /* AppTabBarController.swift in Sources */ = {isa = PBXBuildFile; fileRef = 8958FCCF2B10007F0072EAC8 /* AppTabBarController.swift */; };
		8958FCD22B1001080072EAC8 /* InfoPlist.xcstrings in Resources */ = {isa = PBXBuildFile; fileRef = 8958FCD12B1001080072EAC8 /* InfoPlist.xcstrings */; };
		8958FCD42B1001160072EAC8 /* Localizable.xcstrings in Resources */ = {isa = PBXBuildFile; fileRef = 8958FCD32B1001160072EAC8 /* Localizable.xcstrings */; };
		8958FCF82B100D120072EAC8 /* Kingfisher in Frameworks */ = {isa = PBXBuildFile; productRef = 8958FCF72B100D120072EAC8 /* Kingfisher */; };
		8958FD1F2B10C6A90072EAC8 /* Config.xcconfig in Resources */ = {isa = PBXBuildFile; fileRef = 8958FD1E2B10C6A90072EAC8 /* Config.xcconfig */; };
		8958FD262B10C8330072EAC8 /* MediaController.swift in Sources */ = {isa = PBXBuildFile; fileRef = 8958FD252B10C8330072EAC8 /* MediaController.swift */; };
		8958FD282B10C8970072EAC8 /* ExploreController.swift in Sources */ = {isa = PBXBuildFile; fileRef = 8958FD272B10C8970072EAC8 /* ExploreController.swift */; };
		8958FD2A2B10C8BD0072EAC8 /* HomeController.swift in Sources */ = {isa = PBXBuildFile; fileRef = 8958FD292B10C8BD0072EAC8 /* HomeController.swift */; };
		8958FD2C2B10C8CB0072EAC8 /* ProfileController.swift in Sources */ = {isa = PBXBuildFile; fileRef = 8958FD2B2B10C8CB0072EAC8 /* ProfileController.swift */; };
		8958FD2E2B10C8D90072EAC8 /* ReelsController.swift in Sources */ = {isa = PBXBuildFile; fileRef = 8958FD2D2B10C8D90072EAC8 /* ReelsController.swift */; };
		8958FD312B10CB550072EAC8 /* XLPagerTabStrip in Frameworks */ = {isa = PBXBuildFile; productRef = 8958FD302B10CB550072EAC8 /* XLPagerTabStrip */; };
		8958FD342B10CB890072EAC8 /* Alamofire in Frameworks */ = {isa = PBXBuildFile; productRef = 8958FD332B10CB890072EAC8 /* Alamofire */; };
		8958FD382B10CDF20072EAC8 /* LayoutConstraints.swift in Sources */ = {isa = PBXBuildFile; fileRef = 8958FD372B10CDF20072EAC8 /* LayoutConstraints.swift */; };
		8958FD3A2B10CE0D0072EAC8 /* Int.swift in Sources */ = {isa = PBXBuildFile; fileRef = 8958FD392B10CE0D0072EAC8 /* Int.swift */; };
		8958FD3C2B10CE150072EAC8 /* String.swift in Sources */ = {isa = PBXBuildFile; fileRef = 8958FD3B2B10CE150072EAC8 /* String.swift */; };
		8958FD3E2B10CE850072EAC8 /* UIView.swift in Sources */ = {isa = PBXBuildFile; fileRef = 8958FD3D2B10CE850072EAC8 /* UIView.swift */; };
		8958FD402B10CEB60072EAC8 /* UIColor.swift in Sources */ = {isa = PBXBuildFile; fileRef = 8958FD3F2B10CEB60072EAC8 /* UIColor.swift */; };
		8958FD422B10CED20072EAC8 /* UICollectionViewCell.swift in Sources */ = {isa = PBXBuildFile; fileRef = 8958FD412B10CED20072EAC8 /* UICollectionViewCell.swift */; };
		8958FD442B10CEF30072EAC8 /* UICollectionView.swift in Sources */ = {isa = PBXBuildFile; fileRef = 8958FD432B10CEF30072EAC8 /* UICollectionView.swift */; };
		8958FD4C2B10D30C0072EAC8 /* ShortcutManager.swift in Sources */ = {isa = PBXBuildFile; fileRef = 8958FD4B2B10D30C0072EAC8 /* ShortcutManager.swift */; };
		8958FD4E2B10D3160072EAC8 /* ShortcutItem.swift in Sources */ = {isa = PBXBuildFile; fileRef = 8958FD4D2B10D3160072EAC8 /* ShortcutItem.swift */; };
		8958FD502B10DA070072EAC8 /* ShortcutDataSource.swift in Sources */ = {isa = PBXBuildFile; fileRef = 8958FD4F2B10DA070072EAC8 /* ShortcutDataSource.swift */; };
/* End PBXBuildFile section */

/* Begin PBXFileReference section */
		8958FC7B2B0FFA6D0072EAC8 /* iOS.app */ = {isa = PBXFileReference; explicitFileType = wrapper.application; includeInIndex = 0; path = iOS.app; sourceTree = BUILT_PRODUCTS_DIR; };
		8958FC7E2B0FFA6D0072EAC8 /* AppDelegate.swift */ = {isa = PBXFileReference; lastKnownFileType = sourcecode.swift; path = AppDelegate.swift; sourceTree = "<group>"; };
		8958FC802B0FFA6D0072EAC8 /* SceneDelegate.swift */ = {isa = PBXFileReference; lastKnownFileType = sourcecode.swift; path = SceneDelegate.swift; sourceTree = "<group>"; };
		8958FC872B0FFA6E0072EAC8 /* Assets.xcassets */ = {isa = PBXFileReference; lastKnownFileType = folder.assetcatalog; path = Assets.xcassets; sourceTree = "<group>"; };
		8958FC8A2B0FFA6E0072EAC8 /* Base */ = {isa = PBXFileReference; lastKnownFileType = file.storyboard; name = Base; path = Base.lproj/LaunchScreen.storyboard; sourceTree = "<group>"; };
		8958FC8C2B0FFA6E0072EAC8 /* Info.plist */ = {isa = PBXFileReference; lastKnownFileType = text.plist.xml; path = Info.plist; sourceTree = "<group>"; };
		8958FCCF2B10007F0072EAC8 /* AppTabBarController.swift */ = {isa = PBXFileReference; lastKnownFileType = sourcecode.swift; path = AppTabBarController.swift; sourceTree = "<group>"; };
		8958FCD12B1001080072EAC8 /* InfoPlist.xcstrings */ = {isa = PBXFileReference; lastKnownFileType = text.json.xcstrings; path = InfoPlist.xcstrings; sourceTree = "<group>"; };
		8958FCD32B1001160072EAC8 /* Localizable.xcstrings */ = {isa = PBXFileReference; lastKnownFileType = text.json.xcstrings; path = Localizable.xcstrings; sourceTree = "<group>"; };
		8958FD1E2B10C6A90072EAC8 /* Config.xcconfig */ = {isa = PBXFileReference; lastKnownFileType = text.xcconfig; path = Config.xcconfig; sourceTree = "<group>"; };
		8958FD252B10C8330072EAC8 /* MediaController.swift */ = {isa = PBXFileReference; lastKnownFileType = sourcecode.swift; path = MediaController.swift; sourceTree = "<group>"; };
		8958FD272B10C8970072EAC8 /* ExploreController.swift */ = {isa = PBXFileReference; lastKnownFileType = sourcecode.swift; path = ExploreController.swift; sourceTree = "<group>"; };
		8958FD292B10C8BD0072EAC8 /* HomeController.swift */ = {isa = PBXFileReference; lastKnownFileType = sourcecode.swift; path = HomeController.swift; sourceTree = "<group>"; };
		8958FD2B2B10C8CB0072EAC8 /* ProfileController.swift */ = {isa = PBXFileReference; lastKnownFileType = sourcecode.swift; path = ProfileController.swift; sourceTree = "<group>"; };
		8958FD2D2B10C8D90072EAC8 /* ReelsController.swift */ = {isa = PBXFileReference; lastKnownFileType = sourcecode.swift; path = ReelsController.swift; sourceTree = "<group>"; };
		8958FD372B10CDF20072EAC8 /* LayoutConstraints.swift */ = {isa = PBXFileReference; lastKnownFileType = sourcecode.swift; path = LayoutConstraints.swift; sourceTree = "<group>"; };
		8958FD392B10CE0D0072EAC8 /* Int.swift */ = {isa = PBXFileReference; lastKnownFileType = sourcecode.swift; path = Int.swift; sourceTree = "<group>"; };
		8958FD3B2B10CE150072EAC8 /* String.swift */ = {isa = PBXFileReference; lastKnownFileType = sourcecode.swift; path = String.swift; sourceTree = "<group>"; };
		8958FD3D2B10CE850072EAC8 /* UIView.swift */ = {isa = PBXFileReference; lastKnownFileType = sourcecode.swift; path = UIView.swift; sourceTree = "<group>"; };
		8958FD3F2B10CEB60072EAC8 /* UIColor.swift */ = {isa = PBXFileReference; lastKnownFileType = sourcecode.swift; path = UIColor.swift; sourceTree = "<group>"; };
		8958FD412B10CED20072EAC8 /* UICollectionViewCell.swift */ = {isa = PBXFileReference; lastKnownFileType = sourcecode.swift; path = UICollectionViewCell.swift; sourceTree = "<group>"; };
		8958FD432B10CEF30072EAC8 /* UICollectionView.swift */ = {isa = PBXFileReference; lastKnownFileType = sourcecode.swift; path = UICollectionView.swift; sourceTree = "<group>"; };
		8958FD4B2B10D30C0072EAC8 /* ShortcutManager.swift */ = {isa = PBXFileReference; lastKnownFileType = sourcecode.swift; path = ShortcutManager.swift; sourceTree = "<group>"; };
		8958FD4D2B10D3160072EAC8 /* ShortcutItem.swift */ = {isa = PBXFileReference; lastKnownFileType = sourcecode.swift; path = ShortcutItem.swift; sourceTree = "<group>"; };
		8958FD4F2B10DA070072EAC8 /* ShortcutDataSource.swift */ = {isa = PBXFileReference; lastKnownFileType = sourcecode.swift; path = ShortcutDataSource.swift; sourceTree = "<group>"; };
/* End PBXFileReference section */

/* Begin PBXFrameworksBuildPhase section */
		8958FC782B0FFA6D0072EAC8 /* Frameworks */ = {
			isa = PBXFrameworksBuildPhase;
			buildActionMask = 2147483647;
			files = (
				8958FD342B10CB890072EAC8 /* Alamofire in Frameworks */,
				8958FCF82B100D120072EAC8 /* Kingfisher in Frameworks */,
				8958FD312B10CB550072EAC8 /* XLPagerTabStrip in Frameworks */,
			);
			runOnlyForDeploymentPostprocessing = 0;
		};
/* End PBXFrameworksBuildPhase section */

/* Begin PBXGroup section */
		8958FC722B0FFA6D0072EAC8 = {
			isa = PBXGroup;
			children = (
				8958FC7D2B0FFA6D0072EAC8 /* iOS */,
				8958FC7C2B0FFA6D0072EAC8 /* Products */,
			);
			sourceTree = "<group>";
		};
		8958FC7C2B0FFA6D0072EAC8 /* Products */ = {
			isa = PBXGroup;
			children = (
				8958FC7B2B0FFA6D0072EAC8 /* iOS.app */,
			);
			name = Products;
			sourceTree = "<group>";
		};
		8958FC7D2B0FFA6D0072EAC8 /* iOS */ = {
			isa = PBXGroup;
			children = (
				8958FCCC2B0FFFFE0072EAC8 /* App */,
				8958FCCA2B0FFF920072EAC8 /* Resource */,
			);
			path = iOS;
			sourceTree = "<group>";
		};
		8958FCCA2B0FFF920072EAC8 /* Resource */ = {
			isa = PBXGroup;
			children = (
				8958FC872B0FFA6E0072EAC8 /* Assets.xcassets */,
				8958FC892B0FFA6E0072EAC8 /* LaunchScreen.storyboard */,
				8958FC8C2B0FFA6E0072EAC8 /* Info.plist */,
				8958FCD12B1001080072EAC8 /* InfoPlist.xcstrings */,
				8958FCD32B1001160072EAC8 /* Localizable.xcstrings */,
				8958FD1E2B10C6A90072EAC8 /* Config.xcconfig */,
			);
			path = Resource;
			sourceTree = "<group>";
		};
		8958FCCC2B0FFFFE0072EAC8 /* App */ = {
			isa = PBXGroup;
			children = (
				8958FCCE2B1000110072EAC8 /* Main */,
				8958FD352B10CD550072EAC8 /* Core */,
				8958FC7E2B0FFA6D0072EAC8 /* AppDelegate.swift */,
				8958FC802B0FFA6D0072EAC8 /* SceneDelegate.swift */,
			);
			path = App;
			sourceTree = "<group>";
		};
		8958FCCE2B1000110072EAC8 /* Main */ = {
			isa = PBXGroup;
			children = (
				8958FD242B10C8040072EAC8 /* Explore */,
				8958FD232B10C7FE0072EAC8 /* Media */,
				8958FD222B10C7F50072EAC8 /* Reels */,
				8958FD212B10C7EC0072EAC8 /* Profile */,
				8958FD202B10C7E30072EAC8 /* Home */,
				8958FCCF2B10007F0072EAC8 /* AppTabBarController.swift */,
			);
			path = Main;
			sourceTree = "<group>";
		};
		8958FD202B10C7E30072EAC8 /* Home */ = {
			isa = PBXGroup;
			children = (
				8958FD292B10C8BD0072EAC8 /* HomeController.swift */,
			);
			path = Home;
			sourceTree = "<group>";
		};
		8958FD212B10C7EC0072EAC8 /* Profile */ = {
			isa = PBXGroup;
			children = (
				8958FD2B2B10C8CB0072EAC8 /* ProfileController.swift */,
			);
			path = Profile;
			sourceTree = "<group>";
		};
		8958FD222B10C7F50072EAC8 /* Reels */ = {
			isa = PBXGroup;
			children = (
				8958FD2D2B10C8D90072EAC8 /* ReelsController.swift */,
			);
			path = Reels;
			sourceTree = "<group>";
		};
		8958FD232B10C7FE0072EAC8 /* Media */ = {
			isa = PBXGroup;
			children = (
				8958FD252B10C8330072EAC8 /* MediaController.swift */,
			);
			path = Media;
			sourceTree = "<group>";
		};
		8958FD242B10C8040072EAC8 /* Explore */ = {
			isa = PBXGroup;
			children = (
				8958FD272B10C8970072EAC8 /* ExploreController.swift */,
			);
			path = Explore;
			sourceTree = "<group>";
		};
		8958FD352B10CD550072EAC8 /* Core */ = {
			isa = PBXGroup;
			children = (
				8958FD4A2B10D3030072EAC8 /* Shortcut */,
				8958FD362B10CDDC0072EAC8 /* UI */,
				8958FD372B10CDF20072EAC8 /* LayoutConstraints.swift */,
				8958FD392B10CE0D0072EAC8 /* Int.swift */,
				8958FD3B2B10CE150072EAC8 /* String.swift */,
			);
			path = Core;
			sourceTree = "<group>";
		};
		8958FD362B10CDDC0072EAC8 /* UI */ = {
			isa = PBXGroup;
			children = (
				8958FD3D2B10CE850072EAC8 /* UIView.swift */,
				8958FD3F2B10CEB60072EAC8 /* UIColor.swift */,
				8958FD412B10CED20072EAC8 /* UICollectionViewCell.swift */,
				8958FD432B10CEF30072EAC8 /* UICollectionView.swift */,
			);
			path = UI;
			sourceTree = "<group>";
		};
		8958FD4A2B10D3030072EAC8 /* Shortcut */ = {
			isa = PBXGroup;
			children = (
				8958FD4B2B10D30C0072EAC8 /* ShortcutManager.swift */,
				8958FD4D2B10D3160072EAC8 /* ShortcutItem.swift */,
				8958FD4F2B10DA070072EAC8 /* ShortcutDataSource.swift */,
			);
			path = Shortcut;
			sourceTree = "<group>";
		};
/* End PBXGroup section */

/* Begin PBXNativeTarget section */
		8958FC7A2B0FFA6D0072EAC8 /* iOS */ = {
			isa = PBXNativeTarget;
			buildConfigurationList = 8958FC8F2B0FFA6E0072EAC8 /* Build configuration list for PBXNativeTarget "iOS" */;
			buildPhases = (
				8958FC772B0FFA6D0072EAC8 /* Sources */,
				8958FC782B0FFA6D0072EAC8 /* Frameworks */,
				8958FC792B0FFA6D0072EAC8 /* Resources */,
			);
			buildRules = (
			);
			dependencies = (
			);
			name = iOS;
			packageProductDependencies = (
				8958FCF72B100D120072EAC8 /* Kingfisher */,
				8958FD302B10CB550072EAC8 /* XLPagerTabStrip */,
				8958FD332B10CB890072EAC8 /* Alamofire */,
			);
			productName = iOS;
			productReference = 8958FC7B2B0FFA6D0072EAC8 /* iOS.app */;
			productType = "com.apple.product-type.application";
		};
/* End PBXNativeTarget section */

/* Begin PBXProject section */
		8958FC732B0FFA6D0072EAC8 /* Project object */ = {
			isa = PBXProject;
			attributes = {
				BuildIndependentTargetsInParallel = 1;
				LastSwiftUpdateCheck = 1500;
				LastUpgradeCheck = 1500;
				TargetAttributes = {
					8958FC7A2B0FFA6D0072EAC8 = {
						CreatedOnToolsVersion = 15.0.1;
					};
				};
			};
			buildConfigurationList = 8958FC762B0FFA6D0072EAC8 /* Build configuration list for PBXProject "iOS" */;
			compatibilityVersion = "Xcode 14.0";
			developmentRegion = en;
			hasScannedForEncodings = 0;
			knownRegions = (
				en,
				Base,
			);
			mainGroup = 8958FC722B0FFA6D0072EAC8;
			packageReferences = (
				8958FCF62B100D120072EAC8 /* XCRemoteSwiftPackageReference "Kingfisher" */,
				8958FD2F2B10CB550072EAC8 /* XCRemoteSwiftPackageReference "XLPagerTabStrip" */,
				8958FD322B10CB890072EAC8 /* XCRemoteSwiftPackageReference "Alamofire" */,
			);
			productRefGroup = 8958FC7C2B0FFA6D0072EAC8 /* Products */;
			projectDirPath = "";
			projectRoot = "";
			targets = (
				8958FC7A2B0FFA6D0072EAC8 /* iOS */,
			);
		};
/* End PBXProject section */

/* Begin PBXResourcesBuildPhase section */
		8958FC792B0FFA6D0072EAC8 /* Resources */ = {
			isa = PBXResourcesBuildPhase;
			buildActionMask = 2147483647;
			files = (
				8958FCD22B1001080072EAC8 /* InfoPlist.xcstrings in Resources */,
				8958FD1F2B10C6A90072EAC8 /* Config.xcconfig in Resources */,
				8958FC8B2B0FFA6E0072EAC8 /* LaunchScreen.storyboard in Resources */,
				8958FCD42B1001160072EAC8 /* Localizable.xcstrings in Resources */,
				8958FC882B0FFA6E0072EAC8 /* Assets.xcassets in Resources */,
			);
			runOnlyForDeploymentPostprocessing = 0;
		};
/* End PBXResourcesBuildPhase section */

/* Begin PBXSourcesBuildPhase section */
		8958FC772B0FFA6D0072EAC8 /* Sources */ = {
			isa = PBXSourcesBuildPhase;
			buildActionMask = 2147483647;
			files = (
				8958FD442B10CEF30072EAC8 /* UICollectionView.swift in Sources */,
				8958FD2C2B10C8CB0072EAC8 /* ProfileController.swift in Sources */,
				8958FD4E2B10D3160072EAC8 /* ShortcutItem.swift in Sources */,
				8958FD3C2B10CE150072EAC8 /* String.swift in Sources */,
				8958FD262B10C8330072EAC8 /* MediaController.swift in Sources */,
				8958FD282B10C8970072EAC8 /* ExploreController.swift in Sources */,
				8958FD3E2B10CE850072EAC8 /* UIView.swift in Sources */,
				8958FD382B10CDF20072EAC8 /* LayoutConstraints.swift in Sources */,
				8958FD502B10DA070072EAC8 /* ShortcutDataSource.swift in Sources */,
				8958FD4C2B10D30C0072EAC8 /* ShortcutManager.swift in Sources */,
				8958FD2A2B10C8BD0072EAC8 /* HomeController.swift in Sources */,
				8958FCD02B10007F0072EAC8 /* AppTabBarController.swift in Sources */,
				8958FD422B10CED20072EAC8 /* UICollectionViewCell.swift in Sources */,
				8958FC7F2B0FFA6D0072EAC8 /* AppDelegate.swift in Sources */,
				8958FD402B10CEB60072EAC8 /* UIColor.swift in Sources */,
				8958FD3A2B10CE0D0072EAC8 /* Int.swift in Sources */,
				8958FC812B0FFA6D0072EAC8 /* SceneDelegate.swift in Sources */,
				8958FD2E2B10C8D90072EAC8 /* ReelsController.swift in Sources */,
			);
			runOnlyForDeploymentPostprocessing = 0;
		};
/* End PBXSourcesBuildPhase section */

/* Begin PBXVariantGroup section */
		8958FC892B0FFA6E0072EAC8 /* LaunchScreen.storyboard */ = {
			isa = PBXVariantGroup;
			children = (
				8958FC8A2B0FFA6E0072EAC8 /* Base */,
			);
			name = LaunchScreen.storyboard;
			sourceTree = "<group>";
		};
/* End PBXVariantGroup section */

/* Begin XCBuildConfiguration section */
		8958FC8D2B0FFA6E0072EAC8 /* Debug */ = {
			isa = XCBuildConfiguration;
			buildSettings = {
				ALWAYS_SEARCH_USER_PATHS = NO;
				ASSETCATALOG_COMPILER_GENERATE_SWIFT_ASSET_SYMBOL_EXTENSIONS = YES;
				CLANG_ANALYZER_NONNULL = YES;
				CLANG_ANALYZER_NUMBER_OBJECT_CONVERSION = YES_AGGRESSIVE;
				CLANG_CXX_LANGUAGE_STANDARD = "gnu++20";
				CLANG_ENABLE_MODULES = YES;
				CLANG_ENABLE_OBJC_ARC = YES;
				CLANG_ENABLE_OBJC_WEAK = YES;
				CLANG_WARN_BLOCK_CAPTURE_AUTORELEASING = YES;
				CLANG_WARN_BOOL_CONVERSION = YES;
				CLANG_WARN_COMMA = YES;
				CLANG_WARN_CONSTANT_CONVERSION = YES;
				CLANG_WARN_DEPRECATED_OBJC_IMPLEMENTATIONS = YES;
				CLANG_WARN_DIRECT_OBJC_ISA_USAGE = YES_ERROR;
				CLANG_WARN_DOCUMENTATION_COMMENTS = YES;
				CLANG_WARN_EMPTY_BODY = YES;
				CLANG_WARN_ENUM_CONVERSION = YES;
				CLANG_WARN_INFINITE_RECURSION = YES;
				CLANG_WARN_INT_CONVERSION = YES;
				CLANG_WARN_NON_LITERAL_NULL_CONVERSION = YES;
				CLANG_WARN_OBJC_IMPLICIT_RETAIN_SELF = YES;
				CLANG_WARN_OBJC_LITERAL_CONVERSION = YES;
				CLANG_WARN_OBJC_ROOT_CLASS = YES_ERROR;
				CLANG_WARN_QUOTED_INCLUDE_IN_FRAMEWORK_HEADER = YES;
				CLANG_WARN_RANGE_LOOP_ANALYSIS = YES;
				CLANG_WARN_STRICT_PROTOTYPES = YES;
				CLANG_WARN_SUSPICIOUS_MOVE = YES;
				CLANG_WARN_UNGUARDED_AVAILABILITY = YES_AGGRESSIVE;
				CLANG_WARN_UNREACHABLE_CODE = YES;
				CLANG_WARN__DUPLICATE_METHOD_MATCH = YES;
				COPY_PHASE_STRIP = NO;
				DEBUG_INFORMATION_FORMAT = dwarf;
				ENABLE_STRICT_OBJC_MSGSEND = YES;
				ENABLE_TESTABILITY = YES;
				ENABLE_USER_SCRIPT_SANDBOXING = YES;
				GCC_C_LANGUAGE_STANDARD = gnu17;
				GCC_DYNAMIC_NO_PIC = NO;
				GCC_NO_COMMON_BLOCKS = YES;
				GCC_OPTIMIZATION_LEVEL = 0;
				GCC_PREPROCESSOR_DEFINITIONS = (
					"DEBUG=1",
					"$(inherited)",
				);
				GCC_WARN_64_TO_32_BIT_CONVERSION = YES;
				GCC_WARN_ABOUT_RETURN_TYPE = YES_ERROR;
				GCC_WARN_UNDECLARED_SELECTOR = YES;
				GCC_WARN_UNINITIALIZED_AUTOS = YES_AGGRESSIVE;
				GCC_WARN_UNUSED_FUNCTION = YES;
				GCC_WARN_UNUSED_VARIABLE = YES;
				IPHONEOS_DEPLOYMENT_TARGET = 17.0;
				LOCALIZATION_PREFERS_STRING_CATALOGS = YES;
				MTL_ENABLE_DEBUG_INFO = INCLUDE_SOURCE;
				MTL_FAST_MATH = YES;
				ONLY_ACTIVE_ARCH = YES;
				SDKROOT = iphoneos;
				SWIFT_ACTIVE_COMPILATION_CONDITIONS = "DEBUG $(inherited)";
				SWIFT_OPTIMIZATION_LEVEL = "-Onone";
			};
			name = Debug;
		};
		8958FC8E2B0FFA6E0072EAC8 /* Release */ = {
			isa = XCBuildConfiguration;
			buildSettings = {
				ALWAYS_SEARCH_USER_PATHS = NO;
				ASSETCATALOG_COMPILER_GENERATE_SWIFT_ASSET_SYMBOL_EXTENSIONS = YES;
				CLANG_ANALYZER_NONNULL = YES;
				CLANG_ANALYZER_NUMBER_OBJECT_CONVERSION = YES_AGGRESSIVE;
				CLANG_CXX_LANGUAGE_STANDARD = "gnu++20";
				CLANG_ENABLE_MODULES = YES;
				CLANG_ENABLE_OBJC_ARC = YES;
				CLANG_ENABLE_OBJC_WEAK = YES;
				CLANG_WARN_BLOCK_CAPTURE_AUTORELEASING = YES;
				CLANG_WARN_BOOL_CONVERSION = YES;
				CLANG_WARN_COMMA = YES;
				CLANG_WARN_CONSTANT_CONVERSION = YES;
				CLANG_WARN_DEPRECATED_OBJC_IMPLEMENTATIONS = YES;
				CLANG_WARN_DIRECT_OBJC_ISA_USAGE = YES_ERROR;
				CLANG_WARN_DOCUMENTATION_COMMENTS = YES;
				CLANG_WARN_EMPTY_BODY = YES;
				CLANG_WARN_ENUM_CONVERSION = YES;
				CLANG_WARN_INFINITE_RECURSION = YES;
				CLANG_WARN_INT_CONVERSION = YES;
				CLANG_WARN_NON_LITERAL_NULL_CONVERSION = YES;
				CLANG_WARN_OBJC_IMPLICIT_RETAIN_SELF = YES;
				CLANG_WARN_OBJC_LITERAL_CONVERSION = YES;
				CLANG_WARN_OBJC_ROOT_CLASS = YES_ERROR;
				CLANG_WARN_QUOTED_INCLUDE_IN_FRAMEWORK_HEADER = YES;
				CLANG_WARN_RANGE_LOOP_ANALYSIS = YES;
				CLANG_WARN_STRICT_PROTOTYPES = YES;
				CLANG_WARN_SUSPICIOUS_MOVE = YES;
				CLANG_WARN_UNGUARDED_AVAILABILITY = YES_AGGRESSIVE;
				CLANG_WARN_UNREACHABLE_CODE = YES;
				CLANG_WARN__DUPLICATE_METHOD_MATCH = YES;
				COPY_PHASE_STRIP = NO;
				DEBUG_INFORMATION_FORMAT = "dwarf-with-dsym";
				ENABLE_NS_ASSERTIONS = NO;
				ENABLE_STRICT_OBJC_MSGSEND = YES;
				ENABLE_USER_SCRIPT_SANDBOXING = YES;
				GCC_C_LANGUAGE_STANDARD = gnu17;
				GCC_NO_COMMON_BLOCKS = YES;
				GCC_WARN_64_TO_32_BIT_CONVERSION = YES;
				GCC_WARN_ABOUT_RETURN_TYPE = YES_ERROR;
				GCC_WARN_UNDECLARED_SELECTOR = YES;
				GCC_WARN_UNINITIALIZED_AUTOS = YES_AGGRESSIVE;
				GCC_WARN_UNUSED_FUNCTION = YES;
				GCC_WARN_UNUSED_VARIABLE = YES;
				IPHONEOS_DEPLOYMENT_TARGET = 17.0;
				LOCALIZATION_PREFERS_STRING_CATALOGS = YES;
				MTL_ENABLE_DEBUG_INFO = NO;
				MTL_FAST_MATH = YES;
				SDKROOT = iphoneos;
				SWIFT_COMPILATION_MODE = wholemodule;
				VALIDATE_PRODUCT = YES;
			};
			name = Release;
		};
		8958FC902B0FFA6E0072EAC8 /* Debug */ = {
			isa = XCBuildConfiguration;
			buildSettings = {
				ASSETCATALOG_COMPILER_APPICON_NAME = AppIcon;
				ASSETCATALOG_COMPILER_GLOBAL_ACCENT_COLOR_NAME = AccentColor;
				CODE_SIGN_STYLE = Automatic;
				CURRENT_PROJECT_VERSION = 1;
				DEVELOPMENT_TEAM = K682D44QJG;
				GENERATE_INFOPLIST_FILE = YES;
				INFOPLIST_FILE = iOS/Resource/Info.plist;
				INFOPLIST_KEY_UIApplicationSupportsIndirectInputEvents = YES;
				INFOPLIST_KEY_UILaunchStoryboardName = LaunchScreen.storyboard;
				INFOPLIST_KEY_UISupportedInterfaceOrientations_iPad = "UIInterfaceOrientationPortrait UIInterfaceOrientationPortraitUpsideDown UIInterfaceOrientationLandscapeLeft UIInterfaceOrientationLandscapeRight";
				INFOPLIST_KEY_UISupportedInterfaceOrientations_iPhone = "UIInterfaceOrientationPortrait UIInterfaceOrientationLandscapeLeft UIInterfaceOrientationLandscapeRight";
				LD_RUNPATH_SEARCH_PATHS = (
					"$(inherited)",
					"@executable_path/Frameworks",
				);
				MARKETING_VERSION = 1.0;
				PRODUCT_BUNDLE_IDENTIFIER = airlance.iOS;
				PRODUCT_NAME = "$(TARGET_NAME)";
				SWIFT_EMIT_LOC_STRINGS = YES;
				SWIFT_VERSION = 5.0;
				TARGETED_DEVICE_FAMILY = "1,2";
			};
			name = Debug;
		};
		8958FC912B0FFA6E0072EAC8 /* Release */ = {
			isa = XCBuildConfiguration;
			buildSettings = {
				ASSETCATALOG_COMPILER_APPICON_NAME = AppIcon;
				ASSETCATALOG_COMPILER_GLOBAL_ACCENT_COLOR_NAME = AccentColor;
				CODE_SIGN_STYLE = Automatic;
				CURRENT_PROJECT_VERSION = 1;
				DEVELOPMENT_TEAM = K682D44QJG;
				GENERATE_INFOPLIST_FILE = YES;
				INFOPLIST_FILE = iOS/Resource/Info.plist;
				INFOPLIST_KEY_UIApplicationSupportsIndirectInputEvents = YES;
				INFOPLIST_KEY_UILaunchStoryboardName = LaunchScreen.storyboard;
				INFOPLIST_KEY_UISupportedInterfaceOrientations_iPad = "UIInterfaceOrientationPortrait UIInterfaceOrientationPortraitUpsideDown UIInterfaceOrientationLandscapeLeft UIInterfaceOrientationLandscapeRight";
				INFOPLIST_KEY_UISupportedInterfaceOrientations_iPhone = "UIInterfaceOrientationPortrait UIInterfaceOrientationLandscapeLeft UIInterfaceOrientationLandscapeRight";
				LD_RUNPATH_SEARCH_PATHS = (
					"$(inherited)",
					"@executable_path/Frameworks",
				);
				MARKETING_VERSION = 1.0;
				PRODUCT_BUNDLE_IDENTIFIER = airlance.iOS;
				PRODUCT_NAME = "$(TARGET_NAME)";
				SWIFT_EMIT_LOC_STRINGS = YES;
				SWIFT_VERSION = 5.0;
				TARGETED_DEVICE_FAMILY = "1,2";
			};
			name = Release;
		};
/* End XCBuildConfiguration section */

/* Begin XCConfigurationList section */
		8958FC762B0FFA6D0072EAC8 /* Build configuration list for PBXProject "iOS" */ = {
			isa = XCConfigurationList;
			buildConfigurations = (
				8958FC8D2B0FFA6E0072EAC8 /* Debug */,
				8958FC8E2B0FFA6E0072EAC8 /* Release */,
			);
			defaultConfigurationIsVisible = 0;
			defaultConfigurationName = Release;
		};
		8958FC8F2B0FFA6E0072EAC8 /* Build configuration list for PBXNativeTarget "iOS" */ = {
			isa = XCConfigurationList;
			buildConfigurations = (
				8958FC902B0FFA6E0072EAC8 /* Debug */,
				8958FC912B0FFA6E0072EAC8 /* Release */,
			);
			defaultConfigurationIsVisible = 0;
			defaultConfigurationName = Release;
		};
/* End XCConfigurationList section */

/* Begin XCRemoteSwiftPackageReference section */
		8958FCF62B100D120072EAC8 /* XCRemoteSwiftPackageReference "Kingfisher" */ = {
			isa = XCRemoteSwiftPackageReference;
			repositoryURL = "https://github.com/onevcat/Kingfisher.git";
			requirement = {
				kind = upToNextMajorVersion;
				minimumVersion = 7.10.0;
			};
		};
		8958FD2F2B10CB550072EAC8 /* XCRemoteSwiftPackageReference "XLPagerTabStrip" */ = {
			isa = XCRemoteSwiftPackageReference;
			repositoryURL = "https://github.com/xmartlabs/XLPagerTabStrip.git";
			requirement = {
				kind = upToNextMajorVersion;
				minimumVersion = 9.1.0;
			};
		};
		8958FD322B10CB890072EAC8 /* XCRemoteSwiftPackageReference "Alamofire" */ = {
			isa = XCRemoteSwiftPackageReference;
			repositoryURL = "https://github.com/Alamofire/Alamofire.git";
			requirement = {
				kind = upToNextMajorVersion;
				minimumVersion = 5.8.1;
			};
		};
/* End XCRemoteSwiftPackageReference section */

/* Begin XCSwiftPackageProductDependency section */
		8958FCF72B100D120072EAC8 /* Kingfisher */ = {
			isa = XCSwiftPackageProductDependency;
			package = 8958FCF62B100D120072EAC8 /* XCRemoteSwiftPackageReference "Kingfisher" */;
			productName = Kingfisher;
		};
		8958FD302B10CB550072EAC8 /* XLPagerTabStrip */ = {
			isa = XCSwiftPackageProductDependency;
			package = 8958FD2F2B10CB550072EAC8 /* XCRemoteSwiftPackageReference "XLPagerTabStrip" */;
			productName = XLPagerTabStrip;
		};
		8958FD332B10CB890072EAC8 /* Alamofire */ = {
			isa = XCSwiftPackageProductDependency;
			package = 8958FD322B10CB890072EAC8 /* XCRemoteSwiftPackageReference "Alamofire" */;
			productName = Alamofire;
		};
/* End XCSwiftPackageProductDependency section */
	};
	rootObject = 8958FC732B0FFA6D0072EAC8 /* Project object */;
}
