// !$*UTF8*$!
{
	archiveVersion = 1;
	classes = {
	};
	objectVersion = 56;
	objects = {

/* Begin PBXBuildFile section */
		89ACF2E42B117E2C00BE7E68 /* AppDelegate.swift in Sources */ = {isa = PBXBuildFile; fileRef = 89ACF2E32B117E2C00BE7E68 /* AppDelegate.swift */; };
		89ACF2E62B117E2C00BE7E68 /* SceneDelegate.swift in Sources */ = {isa = PBXBuildFile; fileRef = 89ACF2E52B117E2C00BE7E68 /* SceneDelegate.swift */; };
		89ACF2ED2B117E2D00BE7E68 /* Assets.xcassets in Resources */ = {isa = PBXBuildFile; fileRef = 89ACF2EC2B117E2D00BE7E68 /* Assets.xcassets */; };
		89ACF2F02B117E2D00BE7E68 /* LaunchScreen.storyboard in Resources */ = {isa = PBXBuildFile; fileRef = 89ACF2EE2B117E2D00BE7E68 /* LaunchScreen.storyboard */; };
		89ACF2FC2B11830A00BE7E68 /* AppTabBarController.swift in Sources */ = {isa = PBXBuildFile; fileRef = 89ACF2FB2B11830A00BE7E68 /* AppTabBarController.swift */; };
		89ACF3032B11836F00BE7E68 /* ReelsController.swift in Sources */ = {isa = PBXBuildFile; fileRef = 89ACF3022B11836F00BE7E68 /* ReelsController.swift */; };
		89ACF3052B11838700BE7E68 /* ExploreController.swift in Sources */ = {isa = PBXBuildFile; fileRef = 89ACF3042B11838700BE7E68 /* ExploreController.swift */; };
		89ACF3072B11839100BE7E68 /* HomeController.swift in Sources */ = {isa = PBXBuildFile; fileRef = 89ACF3062B11839100BE7E68 /* HomeController.swift */; };
		89ACF3092B11839B00BE7E68 /* MediaController.swift in Sources */ = {isa = PBXBuildFile; fileRef = 89ACF3082B11839B00BE7E68 /* MediaController.swift */; };
		89ACF30B2B1183A400BE7E68 /* ProfileController.swift in Sources */ = {isa = PBXBuildFile; fileRef = 89ACF30A2B1183A400BE7E68 /* ProfileController.swift */; };
		89ACF30D2B11840800BE7E68 /* LayoutConstraints.swift in Sources */ = {isa = PBXBuildFile; fileRef = 89ACF30C2B11840800BE7E68 /* LayoutConstraints.swift */; };
		89ACF30F2B11841F00BE7E68 /* Int.swift in Sources */ = {isa = PBXBuildFile; fileRef = 89ACF30E2B11841F00BE7E68 /* Int.swift */; };
		89ACF3112B11842500BE7E68 /* String.swift in Sources */ = {isa = PBXBuildFile; fileRef = 89ACF3102B11842500BE7E68 /* String.swift */; };
		89ACF3142B11845A00BE7E68 /* UICollectionViewCell.swift in Sources */ = {isa = PBXBuildFile; fileRef = 89ACF3132B11845A00BE7E68 /* UICollectionViewCell.swift */; };
		89ACF3162B11846000BE7E68 /* UICollectionView.swift in Sources */ = {isa = PBXBuildFile; fileRef = 89ACF3152B11846000BE7E68 /* UICollectionView.swift */; };
		89ACF3182B11848600BE7E68 /* UIView.swift in Sources */ = {isa = PBXBuildFile; fileRef = 89ACF3172B11848600BE7E68 /* UIView.swift */; };
		89ACF31A2B11848C00BE7E68 /* UIColor.swift in Sources */ = {isa = PBXBuildFile; fileRef = 89ACF3192B11848C00BE7E68 /* UIColor.swift */; };
		89ACF31F2B1184DC00BE7E68 /* ShortcutManager.swift in Sources */ = {isa = PBXBuildFile; fileRef = 89ACF31E2B1184DC00BE7E68 /* ShortcutManager.swift */; };
		89ACF3212B1184F300BE7E68 /* ShortcutItem.swift in Sources */ = {isa = PBXBuildFile; fileRef = 89ACF3202B1184F300BE7E68 /* ShortcutItem.swift */; };
		89ACF3232B11850500BE7E68 /* ShortcutDataSource.swift in Sources */ = {isa = PBXBuildFile; fileRef = 89ACF3222B11850500BE7E68 /* ShortcutDataSource.swift */; };
		89ACF3252B11852B00BE7E68 /* PhotoPermission.swift in Sources */ = {isa = PBXBuildFile; fileRef = 89ACF3242B11852B00BE7E68 /* PhotoPermission.swift */; };
		89ACF3282B11854400BE7E68 /* PermissionStatus.swift in Sources */ = {isa = PBXBuildFile; fileRef = 89ACF3272B11854400BE7E68 /* PermissionStatus.swift */; };
		89ACF32A2B11854E00BE7E68 /* Permission.swift in Sources */ = {isa = PBXBuildFile; fileRef = 89ACF3292B11854E00BE7E68 /* Permission.swift */; };
		89ACF32C2B11856300BE7E68 /* PermissionManager.swift in Sources */ = {isa = PBXBuildFile; fileRef = 89ACF32B2B11856300BE7E68 /* PermissionManager.swift */; };
		89ACF32E2B1185A900BE7E68 /* AssetDataSource.swift in Sources */ = {isa = PBXBuildFile; fileRef = 89ACF32D2B1185A900BE7E68 /* AssetDataSource.swift */; };
		89ACF3302B1185B300BE7E68 /* AssetManager.swift in Sources */ = {isa = PBXBuildFile; fileRef = 89ACF32F2B1185B300BE7E68 /* AssetManager.swift */; };
		89ACF3322B1185BC00BE7E68 /* AssetCollection.swift in Sources */ = {isa = PBXBuildFile; fileRef = 89ACF3312B1185BC00BE7E68 /* AssetCollection.swift */; };
		89ACF3342B11869C00BE7E68 /* Localizable.xcstrings in Resources */ = {isa = PBXBuildFile; fileRef = 89ACF3332B11869C00BE7E68 /* Localizable.xcstrings */; };
/* End PBXBuildFile section */

/* Begin PBXFileReference section */
		89ACF2E02B117E2C00BE7E68 /* iOS.app */ = {isa = PBXFileReference; explicitFileType = wrapper.application; includeInIndex = 0; path = iOS.app; sourceTree = BUILT_PRODUCTS_DIR; };
		89ACF2E32B117E2C00BE7E68 /* AppDelegate.swift */ = {isa = PBXFileReference; lastKnownFileType = sourcecode.swift; path = AppDelegate.swift; sourceTree = "<group>"; };
		89ACF2E52B117E2C00BE7E68 /* SceneDelegate.swift */ = {isa = PBXFileReference; lastKnownFileType = sourcecode.swift; path = SceneDelegate.swift; sourceTree = "<group>"; };
		89ACF2EC2B117E2D00BE7E68 /* Assets.xcassets */ = {isa = PBXFileReference; lastKnownFileType = folder.assetcatalog; path = Assets.xcassets; sourceTree = "<group>"; };
		89ACF2EF2B117E2D00BE7E68 /* Base */ = {isa = PBXFileReference; lastKnownFileType = file.storyboard; name = Base; path = Base.lproj/LaunchScreen.storyboard; sourceTree = "<group>"; };
		89ACF2F12B117E2D00BE7E68 /* Info.plist */ = {isa = PBXFileReference; lastKnownFileType = text.plist.xml; path = Info.plist; sourceTree = "<group>"; };
		89ACF2FB2B11830A00BE7E68 /* AppTabBarController.swift */ = {isa = PBXFileReference; lastKnownFileType = sourcecode.swift; path = AppTabBarController.swift; sourceTree = "<group>"; };
		89ACF3022B11836F00BE7E68 /* ReelsController.swift */ = {isa = PBXFileReference; lastKnownFileType = sourcecode.swift; path = ReelsController.swift; sourceTree = "<group>"; };
		89ACF3042B11838700BE7E68 /* ExploreController.swift */ = {isa = PBXFileReference; lastKnownFileType = sourcecode.swift; path = ExploreController.swift; sourceTree = "<group>"; };
		89ACF3062B11839100BE7E68 /* HomeController.swift */ = {isa = PBXFileReference; lastKnownFileType = sourcecode.swift; path = HomeController.swift; sourceTree = "<group>"; };
		89ACF3082B11839B00BE7E68 /* MediaController.swift */ = {isa = PBXFileReference; lastKnownFileType = sourcecode.swift; path = MediaController.swift; sourceTree = "<group>"; };
		89ACF30A2B1183A400BE7E68 /* ProfileController.swift */ = {isa = PBXFileReference; lastKnownFileType = sourcecode.swift; path = ProfileController.swift; sourceTree = "<group>"; };
		89ACF30C2B11840800BE7E68 /* LayoutConstraints.swift */ = {isa = PBXFileReference; lastKnownFileType = sourcecode.swift; path = LayoutConstraints.swift; sourceTree = "<group>"; };
		89ACF30E2B11841F00BE7E68 /* Int.swift */ = {isa = PBXFileReference; lastKnownFileType = sourcecode.swift; path = Int.swift; sourceTree = "<group>"; };
		89ACF3102B11842500BE7E68 /* String.swift */ = {isa = PBXFileReference; lastKnownFileType = sourcecode.swift; path = String.swift; sourceTree = "<group>"; };
		89ACF3132B11845A00BE7E68 /* UICollectionViewCell.swift */ = {isa = PBXFileReference; lastKnownFileType = sourcecode.swift; path = UICollectionViewCell.swift; sourceTree = "<group>"; };
		89ACF3152B11846000BE7E68 /* UICollectionView.swift */ = {isa = PBXFileReference; lastKnownFileType = sourcecode.swift; path = UICollectionView.swift; sourceTree = "<group>"; };
		89ACF3172B11848600BE7E68 /* UIView.swift */ = {isa = PBXFileReference; lastKnownFileType = sourcecode.swift; path = UIView.swift; sourceTree = "<group>"; };
		89ACF3192B11848C00BE7E68 /* UIColor.swift */ = {isa = PBXFileReference; lastKnownFileType = sourcecode.swift; path = UIColor.swift; sourceTree = "<group>"; };
		89ACF31E2B1184DC00BE7E68 /* ShortcutManager.swift */ = {isa = PBXFileReference; lastKnownFileType = sourcecode.swift; path = ShortcutManager.swift; sourceTree = "<group>"; };
		89ACF3202B1184F300BE7E68 /* ShortcutItem.swift */ = {isa = PBXFileReference; lastKnownFileType = sourcecode.swift; path = ShortcutItem.swift; sourceTree = "<group>"; };
		89ACF3222B11850500BE7E68 /* ShortcutDataSource.swift */ = {isa = PBXFileReference; lastKnownFileType = sourcecode.swift; path = ShortcutDataSource.swift; sourceTree = "<group>"; };
		89ACF3242B11852B00BE7E68 /* PhotoPermission.swift */ = {isa = PBXFileReference; lastKnownFileType = sourcecode.swift; path = PhotoPermission.swift; sourceTree = "<group>"; };
		89ACF3272B11854400BE7E68 /* PermissionStatus.swift */ = {isa = PBXFileReference; lastKnownFileType = sourcecode.swift; path = PermissionStatus.swift; sourceTree = "<group>"; };
		89ACF3292B11854E00BE7E68 /* Permission.swift */ = {isa = PBXFileReference; lastKnownFileType = sourcecode.swift; path = Permission.swift; sourceTree = "<group>"; };
		89ACF32B2B11856300BE7E68 /* PermissionManager.swift */ = {isa = PBXFileReference; lastKnownFileType = sourcecode.swift; path = PermissionManager.swift; sourceTree = "<group>"; };
		89ACF32D2B1185A900BE7E68 /* AssetDataSource.swift */ = {isa = PBXFileReference; lastKnownFileType = sourcecode.swift; path = AssetDataSource.swift; sourceTree = "<group>"; };
		89ACF32F2B1185B300BE7E68 /* AssetManager.swift */ = {isa = PBXFileReference; lastKnownFileType = sourcecode.swift; path = AssetManager.swift; sourceTree = "<group>"; };
		89ACF3312B1185BC00BE7E68 /* AssetCollection.swift */ = {isa = PBXFileReference; lastKnownFileType = sourcecode.swift; path = AssetCollection.swift; sourceTree = "<group>"; };
		89ACF3332B11869C00BE7E68 /* Localizable.xcstrings */ = {isa = PBXFileReference; lastKnownFileType = text.json.xcstrings; path = Localizable.xcstrings; sourceTree = "<group>"; };
/* End PBXFileReference section */

/* Begin PBXFrameworksBuildPhase section */
		89ACF2DD2B117E2C00BE7E68 /* Frameworks */ = {
			isa = PBXFrameworksBuildPhase;
			buildActionMask = 2147483647;
			files = (
			);
			runOnlyForDeploymentPostprocessing = 0;
		};
/* End PBXFrameworksBuildPhase section */

/* Begin PBXGroup section */
		89ACF2D72B117E2C00BE7E68 = {
			isa = PBXGroup;
			children = (
				89ACF2E22B117E2C00BE7E68 /* iOS */,
				89ACF2E12B117E2C00BE7E68 /* Products */,
			);
			sourceTree = "<group>";
		};
		89ACF2E12B117E2C00BE7E68 /* Products */ = {
			isa = PBXGroup;
			children = (
				89ACF2E02B117E2C00BE7E68 /* iOS.app */,
			);
			name = Products;
			sourceTree = "<group>";
		};
		89ACF2E22B117E2C00BE7E68 /* iOS */ = {
			isa = PBXGroup;
			children = (
				89ACF2F82B11822D00BE7E68 /* App */,
				89ACF2F72B11822100BE7E68 /* Resource */,
			);
			path = iOS;
			sourceTree = "<group>";
		};
		89ACF2F72B11822100BE7E68 /* Resource */ = {
			isa = PBXGroup;
			children = (
				89ACF2EC2B117E2D00BE7E68 /* Assets.xcassets */,
				89ACF2EE2B117E2D00BE7E68 /* LaunchScreen.storyboard */,
				89ACF2F12B117E2D00BE7E68 /* Info.plist */,
				89ACF3332B11869C00BE7E68 /* Localizable.xcstrings */,
			);
			path = Resource;
			sourceTree = "<group>";
		};
		89ACF2F82B11822D00BE7E68 /* App */ = {
			isa = PBXGroup;
			children = (
				89ACF2FA2B1182DA00BE7E68 /* Main */,
				89ACF2F92B1182D400BE7E68 /* Core */,
				89ACF2E32B117E2C00BE7E68 /* AppDelegate.swift */,
				89ACF2E52B117E2C00BE7E68 /* SceneDelegate.swift */,
			);
			path = App;
			sourceTree = "<group>";
		};
		89ACF2F92B1182D400BE7E68 /* Core */ = {
			isa = PBXGroup;
			children = (
				89ACF31D2B1184CB00BE7E68 /* Shortcut */,
				89ACF31C2B1184B800BE7E68 /* Permission */,
				89ACF31B2B1184B200BE7E68 /* Asset */,
				89ACF3122B11844800BE7E68 /* UI */,
				89ACF30C2B11840800BE7E68 /* LayoutConstraints.swift */,
				89ACF30E2B11841F00BE7E68 /* Int.swift */,
				89ACF3102B11842500BE7E68 /* String.swift */,
			);
			path = Core;
			sourceTree = "<group>";
		};
		89ACF2FA2B1182DA00BE7E68 /* Main */ = {
			isa = PBXGroup;
			children = (
				89ACF3012B11835C00BE7E68 /* Reels */,
				89ACF3002B11835300BE7E68 /* Profile */,
				89ACF2FF2B11834A00BE7E68 /* Media */,
				89ACF2FE2B11834500BE7E68 /* Home */,
				89ACF2FD2B11833F00BE7E68 /* Explore */,
				89ACF2FB2B11830A00BE7E68 /* AppTabBarController.swift */,
			);
			path = Main;
			sourceTree = "<group>";
		};
		89ACF2FD2B11833F00BE7E68 /* Explore */ = {
			isa = PBXGroup;
			children = (
				89ACF3042B11838700BE7E68 /* ExploreController.swift */,
			);
			path = Explore;
			sourceTree = "<group>";
		};
		89ACF2FE2B11834500BE7E68 /* Home */ = {
			isa = PBXGroup;
			children = (
				89ACF3062B11839100BE7E68 /* HomeController.swift */,
			);
			path = Home;
			sourceTree = "<group>";
		};
		89ACF2FF2B11834A00BE7E68 /* Media */ = {
			isa = PBXGroup;
			children = (
				89ACF3082B11839B00BE7E68 /* MediaController.swift */,
			);
			path = Media;
			sourceTree = "<group>";
		};
		89ACF3002B11835300BE7E68 /* Profile */ = {
			isa = PBXGroup;
			children = (
				89ACF30A2B1183A400BE7E68 /* ProfileController.swift */,
			);
			path = Profile;
			sourceTree = "<group>";
		};
		89ACF3012B11835C00BE7E68 /* Reels */ = {
			isa = PBXGroup;
			children = (
				89ACF3022B11836F00BE7E68 /* ReelsController.swift */,
			);
			path = Reels;
			sourceTree = "<group>";
		};
		89ACF3122B11844800BE7E68 /* UI */ = {
			isa = PBXGroup;
			children = (
				89ACF3132B11845A00BE7E68 /* UICollectionViewCell.swift */,
				89ACF3152B11846000BE7E68 /* UICollectionView.swift */,
				89ACF3172B11848600BE7E68 /* UIView.swift */,
				89ACF3192B11848C00BE7E68 /* UIColor.swift */,
			);
			path = UI;
			sourceTree = "<group>";
		};
		89ACF31B2B1184B200BE7E68 /* Asset */ = {
			isa = PBXGroup;
			children = (
				89ACF32D2B1185A900BE7E68 /* AssetDataSource.swift */,
				89ACF32F2B1185B300BE7E68 /* AssetManager.swift */,
				89ACF3312B1185BC00BE7E68 /* AssetCollection.swift */,
			);
			path = Asset;
			sourceTree = "<group>";
		};
		89ACF31C2B1184B800BE7E68 /* Permission */ = {
			isa = PBXGroup;
			children = (
				89ACF3262B11852F00BE7E68 /* Manager */,
				89ACF3242B11852B00BE7E68 /* PhotoPermission.swift */,
			);
			path = Permission;
			sourceTree = "<group>";
		};
		89ACF31D2B1184CB00BE7E68 /* Shortcut */ = {
			isa = PBXGroup;
			children = (
				89ACF31E2B1184DC00BE7E68 /* ShortcutManager.swift */,
				89ACF3202B1184F300BE7E68 /* ShortcutItem.swift */,
				89ACF3222B11850500BE7E68 /* ShortcutDataSource.swift */,
			);
			path = Shortcut;
			sourceTree = "<group>";
		};
		89ACF3262B11852F00BE7E68 /* Manager */ = {
			isa = PBXGroup;
			children = (
				89ACF3272B11854400BE7E68 /* PermissionStatus.swift */,
				89ACF3292B11854E00BE7E68 /* Permission.swift */,
				89ACF32B2B11856300BE7E68 /* PermissionManager.swift */,
			);
			path = Manager;
			sourceTree = "<group>";
		};
/* End PBXGroup section */

/* Begin PBXNativeTarget section */
		89ACF2DF2B117E2C00BE7E68 /* iOS */ = {
			isa = PBXNativeTarget;
			buildConfigurationList = 89ACF2F42B117E2D00BE7E68 /* Build configuration list for PBXNativeTarget "iOS" */;
			buildPhases = (
				89ACF2DC2B117E2C00BE7E68 /* Sources */,
				89ACF2DD2B117E2C00BE7E68 /* Frameworks */,
				89ACF2DE2B117E2C00BE7E68 /* Resources */,
			);
			buildRules = (
			);
			dependencies = (
			);
			name = iOS;
			productName = iOS;
			productReference = 89ACF2E02B117E2C00BE7E68 /* iOS.app */;
			productType = "com.apple.product-type.application";
		};
/* End PBXNativeTarget section */

/* Begin PBXProject section */
		89ACF2D82B117E2C00BE7E68 /* Project object */ = {
			isa = PBXProject;
			attributes = {
				BuildIndependentTargetsInParallel = 1;
				LastSwiftUpdateCheck = 1500;
				LastUpgradeCheck = 1500;
				TargetAttributes = {
					89ACF2DF2B117E2C00BE7E68 = {
						CreatedOnToolsVersion = 15.0.1;
					};
				};
			};
			buildConfigurationList = 89ACF2DB2B117E2C00BE7E68 /* Build configuration list for PBXProject "iOS" */;
			compatibilityVersion = "Xcode 14.0";
			developmentRegion = en;
			hasScannedForEncodings = 0;
			knownRegions = (
				en,
				Base,
			);
			mainGroup = 89ACF2D72B117E2C00BE7E68;
			productRefGroup = 89ACF2E12B117E2C00BE7E68 /* Products */;
			projectDirPath = "";
			projectRoot = "";
			targets = (
				89ACF2DF2B117E2C00BE7E68 /* iOS */,
			);
		};
/* End PBXProject section */

/* Begin PBXResourcesBuildPhase section */
		89ACF2DE2B117E2C00BE7E68 /* Resources */ = {
			isa = PBXResourcesBuildPhase;
			buildActionMask = 2147483647;
			files = (
				89ACF2F02B117E2D00BE7E68 /* LaunchScreen.storyboard in Resources */,
				89ACF2ED2B117E2D00BE7E68 /* Assets.xcassets in Resources */,
				89ACF3342B11869C00BE7E68 /* Localizable.xcstrings in Resources */,
			);
			runOnlyForDeploymentPostprocessing = 0;
		};
/* End PBXResourcesBuildPhase section */

/* Begin PBXSourcesBuildPhase section */
		89ACF2DC2B117E2C00BE7E68 /* Sources */ = {
			isa = PBXSourcesBuildPhase;
			buildActionMask = 2147483647;
			files = (
				89ACF2FC2B11830A00BE7E68 /* AppTabBarController.swift in Sources */,
				89ACF3112B11842500BE7E68 /* String.swift in Sources */,
				89ACF3212B1184F300BE7E68 /* ShortcutItem.swift in Sources */,
				89ACF3252B11852B00BE7E68 /* PhotoPermission.swift in Sources */,
				89ACF3322B1185BC00BE7E68 /* AssetCollection.swift in Sources */,
				89ACF3142B11845A00BE7E68 /* UICollectionViewCell.swift in Sources */,
				89ACF3052B11838700BE7E68 /* ExploreController.swift in Sources */,
				89ACF31A2B11848C00BE7E68 /* UIColor.swift in Sources */,
				89ACF32E2B1185A900BE7E68 /* AssetDataSource.swift in Sources */,
				89ACF3072B11839100BE7E68 /* HomeController.swift in Sources */,
				89ACF32A2B11854E00BE7E68 /* Permission.swift in Sources */,
				89ACF30D2B11840800BE7E68 /* LayoutConstraints.swift in Sources */,
				89ACF3232B11850500BE7E68 /* ShortcutDataSource.swift in Sources */,
				89ACF3282B11854400BE7E68 /* PermissionStatus.swift in Sources */,
				89ACF31F2B1184DC00BE7E68 /* ShortcutManager.swift in Sources */,
				89ACF3162B11846000BE7E68 /* UICollectionView.swift in Sources */,
				89ACF2E42B117E2C00BE7E68 /* AppDelegate.swift in Sources */,
				89ACF3302B1185B300BE7E68 /* AssetManager.swift in Sources */,
				89ACF2E62B117E2C00BE7E68 /* SceneDelegate.swift in Sources */,
				89ACF3092B11839B00BE7E68 /* MediaController.swift in Sources */,
				89ACF3182B11848600BE7E68 /* UIView.swift in Sources */,
				89ACF32C2B11856300BE7E68 /* PermissionManager.swift in Sources */,
				89ACF30F2B11841F00BE7E68 /* Int.swift in Sources */,
				89ACF3032B11836F00BE7E68 /* ReelsController.swift in Sources */,
				89ACF30B2B1183A400BE7E68 /* ProfileController.swift in Sources */,
			);
			runOnlyForDeploymentPostprocessing = 0;
		};
/* End PBXSourcesBuildPhase section */

/* Begin PBXVariantGroup section */
		89ACF2EE2B117E2D00BE7E68 /* LaunchScreen.storyboard */ = {
			isa = PBXVariantGroup;
			children = (
				89ACF2EF2B117E2D00BE7E68 /* Base */,
			);
			name = LaunchScreen.storyboard;
			sourceTree = "<group>";
		};
/* End PBXVariantGroup section */

/* Begin XCBuildConfiguration section */
		89ACF2F22B117E2D00BE7E68 /* Debug */ = {
			isa = XCBuildConfiguration;
			buildSettings = {
				ALWAYS_SEARCH_USER_PATHS = NO;
				ASSETCATALOG_COMPILER_GENERATE_SWIFT_ASSET_SYMBOL_EXTENSIONS = YES;
				CLANG_ANALYZER_NONNULL = YES;
				CLANG_ANALYZER_NUMBER_OBJECT_CONVERSION = YES_AGGRESSIVE;
				CLANG_CXX_LANGUAGE_STANDARD = "gnu++20";
				CLANG_ENABLE_MODULES = YES;
				CLANG_ENABLE_OBJC_ARC = YES;
				CLANG_ENABLE_OBJC_WEAK = YES;
				CLANG_WARN_BLOCK_CAPTURE_AUTORELEASING = YES;
				CLANG_WARN_BOOL_CONVERSION = YES;
				CLANG_WARN_COMMA = YES;
				CLANG_WARN_CONSTANT_CONVERSION = YES;
				CLANG_WARN_DEPRECATED_OBJC_IMPLEMENTATIONS = YES;
				CLANG_WARN_DIRECT_OBJC_ISA_USAGE = YES_ERROR;
				CLANG_WARN_DOCUMENTATION_COMMENTS = YES;
				CLANG_WARN_EMPTY_BODY = YES;
				CLANG_WARN_ENUM_CONVERSION = YES;
				CLANG_WARN_INFINITE_RECURSION = YES;
				CLANG_WARN_INT_CONVERSION = YES;
				CLANG_WARN_NON_LITERAL_NULL_CONVERSION = YES;
				CLANG_WARN_OBJC_IMPLICIT_RETAIN_SELF = YES;
				CLANG_WARN_OBJC_LITERAL_CONVERSION = YES;
				CLANG_WARN_OBJC_ROOT_CLASS = YES_ERROR;
				CLANG_WARN_QUOTED_INCLUDE_IN_FRAMEWORK_HEADER = YES;
				CLANG_WARN_RANGE_LOOP_ANALYSIS = YES;
				CLANG_WARN_STRICT_PROTOTYPES = YES;
				CLANG_WARN_SUSPICIOUS_MOVE = YES;
				CLANG_WARN_UNGUARDED_AVAILABILITY = YES_AGGRESSIVE;
				CLANG_WARN_UNREACHABLE_CODE = YES;
				CLANG_WARN__DUPLICATE_METHOD_MATCH = YES;
				COPY_PHASE_STRIP = NO;
				DEBUG_INFORMATION_FORMAT = dwarf;
				ENABLE_STRICT_OBJC_MSGSEND = YES;
				ENABLE_TESTABILITY = YES;
				ENABLE_USER_SCRIPT_SANDBOXING = YES;
				GCC_C_LANGUAGE_STANDARD = gnu17;
				GCC_DYNAMIC_NO_PIC = NO;
				GCC_NO_COMMON_BLOCKS = YES;
				GCC_OPTIMIZATION_LEVEL = 0;
				GCC_PREPROCESSOR_DEFINITIONS = (
					"DEBUG=1",
					"$(inherited)",
				);
				GCC_WARN_64_TO_32_BIT_CONVERSION = YES;
				GCC_WARN_ABOUT_RETURN_TYPE = YES_ERROR;
				GCC_WARN_UNDECLARED_SELECTOR = YES;
				GCC_WARN_UNINITIALIZED_AUTOS = YES_AGGRESSIVE;
				GCC_WARN_UNUSED_FUNCTION = YES;
				GCC_WARN_UNUSED_VARIABLE = YES;
				IPHONEOS_DEPLOYMENT_TARGET = 17.0;
				LOCALIZATION_PREFERS_STRING_CATALOGS = YES;
				MTL_ENABLE_DEBUG_INFO = INCLUDE_SOURCE;
				MTL_FAST_MATH = YES;
				ONLY_ACTIVE_ARCH = YES;
				SDKROOT = iphoneos;
				SWIFT_ACTIVE_COMPILATION_CONDITIONS = "DEBUG $(inherited)";
				SWIFT_OPTIMIZATION_LEVEL = "-Onone";
			};
			name = Debug;
		};
		89ACF2F32B117E2D00BE7E68 /* Release */ = {
			isa = XCBuildConfiguration;
			buildSettings = {
				ALWAYS_SEARCH_USER_PATHS = NO;
				ASSETCATALOG_COMPILER_GENERATE_SWIFT_ASSET_SYMBOL_EXTENSIONS = YES;
				CLANG_ANALYZER_NONNULL = YES;
				CLANG_ANALYZER_NUMBER_OBJECT_CONVERSION = YES_AGGRESSIVE;
				CLANG_CXX_LANGUAGE_STANDARD = "gnu++20";
				CLANG_ENABLE_MODULES = YES;
				CLANG_ENABLE_OBJC_ARC = YES;
				CLANG_ENABLE_OBJC_WEAK = YES;
				CLANG_WARN_BLOCK_CAPTURE_AUTORELEASING = YES;
				CLANG_WARN_BOOL_CONVERSION = YES;
				CLANG_WARN_COMMA = YES;
				CLANG_WARN_CONSTANT_CONVERSION = YES;
				CLANG_WARN_DEPRECATED_OBJC_IMPLEMENTATIONS = YES;
				CLANG_WARN_DIRECT_OBJC_ISA_USAGE = YES_ERROR;
				CLANG_WARN_DOCUMENTATION_COMMENTS = YES;
				CLANG_WARN_EMPTY_BODY = YES;
				CLANG_WARN_ENUM_CONVERSION = YES;
				CLANG_WARN_INFINITE_RECURSION = YES;
				CLANG_WARN_INT_CONVERSION = YES;
				CLANG_WARN_NON_LITERAL_NULL_CONVERSION = YES;
				CLANG_WARN_OBJC_IMPLICIT_RETAIN_SELF = YES;
				CLANG_WARN_OBJC_LITERAL_CONVERSION = YES;
				CLANG_WARN_OBJC_ROOT_CLASS = YES_ERROR;
				CLANG_WARN_QUOTED_INCLUDE_IN_FRAMEWORK_HEADER = YES;
				CLANG_WARN_RANGE_LOOP_ANALYSIS = YES;
				CLANG_WARN_STRICT_PROTOTYPES = YES;
				CLANG_WARN_SUSPICIOUS_MOVE = YES;
				CLANG_WARN_UNGUARDED_AVAILABILITY = YES_AGGRESSIVE;
				CLANG_WARN_UNREACHABLE_CODE = YES;
				CLANG_WARN__DUPLICATE_METHOD_MATCH = YES;
				COPY_PHASE_STRIP = NO;
				DEBUG_INFORMATION_FORMAT = "dwarf-with-dsym";
				ENABLE_NS_ASSERTIONS = NO;
				ENABLE_STRICT_OBJC_MSGSEND = YES;
				ENABLE_USER_SCRIPT_SANDBOXING = YES;
				GCC_C_LANGUAGE_STANDARD = gnu17;
				GCC_NO_COMMON_BLOCKS = YES;
				GCC_WARN_64_TO_32_BIT_CONVERSION = YES;
				GCC_WARN_ABOUT_RETURN_TYPE = YES_ERROR;
				GCC_WARN_UNDECLARED_SELECTOR = YES;
				GCC_WARN_UNINITIALIZED_AUTOS = YES_AGGRESSIVE;
				GCC_WARN_UNUSED_FUNCTION = YES;
				GCC_WARN_UNUSED_VARIABLE = YES;
				IPHONEOS_DEPLOYMENT_TARGET = 17.0;
				LOCALIZATION_PREFERS_STRING_CATALOGS = YES;
				MTL_ENABLE_DEBUG_INFO = NO;
				MTL_FAST_MATH = YES;
				SDKROOT = iphoneos;
				SWIFT_COMPILATION_MODE = wholemodule;
				VALIDATE_PRODUCT = YES;
			};
			name = Release;
		};
		89ACF2F52B117E2D00BE7E68 /* Debug */ = {
			isa = XCBuildConfiguration;
			buildSettings = {
				ASSETCATALOG_COMPILER_APPICON_NAME = AppIcon;
				ASSETCATALOG_COMPILER_GLOBAL_ACCENT_COLOR_NAME = AccentColor;
				CODE_SIGN_STYLE = Automatic;
				CURRENT_PROJECT_VERSION = 1;
				DEVELOPMENT_TEAM = K682D44QJG;
				GENERATE_INFOPLIST_FILE = YES;
				INFOPLIST_FILE = iOS/Resource/Info.plist;
				INFOPLIST_KEY_CFBundleDisplayName = Airlance;
				INFOPLIST_KEY_NSPhotoLibraryAddUsageDescription = "Photo Library Additions Usage Description";
				INFOPLIST_KEY_NSPhotoLibraryUsageDescription = "Photo Library Usage Description";
				INFOPLIST_KEY_UIApplicationSupportsIndirectInputEvents = YES;
				INFOPLIST_KEY_UILaunchStoryboardName = LaunchScreen.storyboard;
				INFOPLIST_KEY_UISupportedInterfaceOrientations = UIInterfaceOrientationPortrait;
				INFOPLIST_KEY_UISupportedInterfaceOrientations_iPad = "UIInterfaceOrientationLandscapeLeft UIInterfaceOrientationLandscapeRight UIInterfaceOrientationPortrait UIInterfaceOrientationPortraitUpsideDown";
				LD_RUNPATH_SEARCH_PATHS = (
					"$(inherited)",
					"@executable_path/Frameworks",
				);
				MARKETING_VERSION = 1.0;
				PRODUCT_BUNDLE_IDENTIFIER = airlance.iOS;
				PRODUCT_NAME = "$(TARGET_NAME)";
				SUPPORTED_PLATFORMS = "iphoneos iphonesimulator";
				SUPPORTS_MACCATALYST = NO;
				SUPPORTS_MAC_DESIGNED_FOR_IPHONE_IPAD = NO;
				SWIFT_EMIT_LOC_STRINGS = YES;
				SWIFT_VERSION = 5.0;
				TARGETED_DEVICE_FAMILY = "1,2";
			};
			name = Debug;
		};
		89ACF2F62B117E2D00BE7E68 /* Release */ = {
			isa = XCBuildConfiguration;
			buildSettings = {
				ASSETCATALOG_COMPILER_APPICON_NAME = AppIcon;
				ASSETCATALOG_COMPILER_GLOBAL_ACCENT_COLOR_NAME = AccentColor;
				CODE_SIGN_STYLE = Automatic;
				CURRENT_PROJECT_VERSION = 1;
				DEVELOPMENT_TEAM = K682D44QJG;
				GENERATE_INFOPLIST_FILE = YES;
				INFOPLIST_FILE = iOS/Resource/Info.plist;
				INFOPLIST_KEY_CFBundleDisplayName = Airlance;
				INFOPLIST_KEY_NSPhotoLibraryAddUsageDescription = "Photo Library Additions Usage Description";
				INFOPLIST_KEY_NSPhotoLibraryUsageDescription = "Photo Library Usage Description";
				INFOPLIST_KEY_UIApplicationSupportsIndirectInputEvents = YES;
				INFOPLIST_KEY_UILaunchStoryboardName = LaunchScreen.storyboard;
				INFOPLIST_KEY_UISupportedInterfaceOrientations = UIInterfaceOrientationPortrait;
				INFOPLIST_KEY_UISupportedInterfaceOrientations_iPad = "UIInterfaceOrientationLandscapeLeft UIInterfaceOrientationLandscapeRight UIInterfaceOrientationPortrait UIInterfaceOrientationPortraitUpsideDown";
				LD_RUNPATH_SEARCH_PATHS = (
					"$(inherited)",
					"@executable_path/Frameworks",
				);
				MARKETING_VERSION = 1.0;
				PRODUCT_BUNDLE_IDENTIFIER = airlance.iOS;
				PRODUCT_NAME = "$(TARGET_NAME)";
				SUPPORTED_PLATFORMS = "iphoneos iphonesimulator";
				SUPPORTS_MACCATALYST = NO;
				SUPPORTS_MAC_DESIGNED_FOR_IPHONE_IPAD = NO;
				SWIFT_EMIT_LOC_STRINGS = YES;
				SWIFT_VERSION = 5.0;
				TARGETED_DEVICE_FAMILY = "1,2";
			};
			name = Release;
		};
/* End XCBuildConfiguration section */

/* Begin XCConfigurationList section */
		89ACF2DB2B117E2C00BE7E68 /* Build configuration list for PBXProject "iOS" */ = {
			isa = XCConfigurationList;
			buildConfigurations = (
				89ACF2F22B117E2D00BE7E68 /* Debug */,
				89ACF2F32B117E2D00BE7E68 /* Release */,
			);
			defaultConfigurationIsVisible = 0;
			defaultConfigurationName = Release;
		};
		89ACF2F42B117E2D00BE7E68 /* Build configuration list for PBXNativeTarget "iOS" */ = {
			isa = XCConfigurationList;
			buildConfigurations = (
				89ACF2F52B117E2D00BE7E68 /* Debug */,
				89ACF2F62B117E2D00BE7E68 /* Release */,
			);
			defaultConfigurationIsVisible = 0;
			defaultConfigurationName = Release;
		};
/* End XCConfigurationList section */
	};
	rootObject = 89ACF2D82B117E2C00BE7E68 /* Project object */;
}
