// !$*UTF8*$!
{
	archiveVersion = 1;
	classes = {
	};
	objectVersion = 56;
	objects = {

/* Begin PBXBuildFile section */
		8958FC7F2B0FFA6D0072EAC8 /* AppDelegate.swift in Sources */ = {isa = PBXBuildFile; fileRef = 8958FC7E2B0FFA6D0072EAC8 /* AppDelegate.swift */; };
		8958FC812B0FFA6D0072EAC8 /* SceneDelegate.swift in Sources */ = {isa = PBXBuildFile; fileRef = 8958FC802B0FFA6D0072EAC8 /* SceneDelegate.swift */; };
		8958FC882B0FFA6E0072EAC8 /* Assets.xcassets in Resources */ = {isa = PBXBuildFile; fileRef = 8958FC872B0FFA6E0072EAC8 /* Assets.xcassets */; };
		8958FC8B2B0FFA6E0072EAC8 /* LaunchScreen.storyboard in Resources */ = {isa = PBXBuildFile; fileRef = 8958FC892B0FFA6E0072EAC8 /* LaunchScreen.storyboard */; };
		8958FCD02B10007F0072EAC8 /* AppTabBarController.swift in Sources */ = {isa = PBXBuildFile; fileRef = 8958FCCF2B10007F0072EAC8 /* AppTabBarController.swift */; };
		8958FCD22B1001080072EAC8 /* InfoPlist.xcstrings in Resources */ = {isa = PBXBuildFile; fileRef = 8958FCD12B1001080072EAC8 /* InfoPlist.xcstrings */; };
		8958FCD42B1001160072EAC8 /* Localizable.xcstrings in Resources */ = {isa = PBXBuildFile; fileRef = 8958FCD32B1001160072EAC8 /* Localizable.xcstrings */; };
/* End PBXBuildFile section */

/* Begin PBXFileReference section */
		8958FC7B2B0FFA6D0072EAC8 /* iOS.app */ = {isa = PBXFileReference; explicitFileType = wrapper.application; includeInIndex = 0; path = iOS.app; sourceTree = BUILT_PRODUCTS_DIR; };
		8958FC7E2B0FFA6D0072EAC8 /* AppDelegate.swift */ = {isa = PBXFileReference; lastKnownFileType = sourcecode.swift; path = AppDelegate.swift; sourceTree = "<group>"; };
		8958FC802B0FFA6D0072EAC8 /* SceneDelegate.swift */ = {isa = PBXFileReference; lastKnownFileType = sourcecode.swift; path = SceneDelegate.swift; sourceTree = "<group>"; };
		8958FC872B0FFA6E0072EAC8 /* Assets.xcassets */ = {isa = PBXFileReference; lastKnownFileType = folder.assetcatalog; path = Assets.xcassets; sourceTree = "<group>"; };
		8958FC8A2B0FFA6E0072EAC8 /* Base */ = {isa = PBXFileReference; lastKnownFileType = file.storyboard; name = Base; path = Base.lproj/LaunchScreen.storyboard; sourceTree = "<group>"; };
		8958FC8C2B0FFA6E0072EAC8 /* Info.plist */ = {isa = PBXFileReference; lastKnownFileType = text.plist.xml; path = Info.plist; sourceTree = "<group>"; };
		8958FCCF2B10007F0072EAC8 /* AppTabBarController.swift */ = {isa = PBXFileReference; lastKnownFileType = sourcecode.swift; path = AppTabBarController.swift; sourceTree = "<group>"; };
		8958FCD12B1001080072EAC8 /* InfoPlist.xcstrings */ = {isa = PBXFileReference; lastKnownFileType = text.json.xcstrings; path = InfoPlist.xcstrings; sourceTree = "<group>"; };
		8958FCD32B1001160072EAC8 /* Localizable.xcstrings */ = {isa = PBXFileReference; lastKnownFileType = text.json.xcstrings; path = Localizable.xcstrings; sourceTree = "<group>"; };
/* End PBXFileReference section */

/* Begin PBXFrameworksBuildPhase section */
		8958FC782B0FFA6D0072EAC8 /* Frameworks */ = {
			isa = PBXFrameworksBuildPhase;
			buildActionMask = 2147483647;
			files = (
			);
			runOnlyForDeploymentPostprocessing = 0;
		};
/* End PBXFrameworksBuildPhase section */

/* Begin PBXGroup section */
		8958FC722B0FFA6D0072EAC8 = {
			isa = PBXGroup;
			children = (
				8958FC7D2B0FFA6D0072EAC8 /* iOS */,
				8958FC7C2B0FFA6D0072EAC8 /* Products */,
			);
			sourceTree = "<group>";
		};
		8958FC7C2B0FFA6D0072EAC8 /* Products */ = {
			isa = PBXGroup;
			children = (
				8958FC7B2B0FFA6D0072EAC8 /* iOS.app */,
			);
			name = Products;
			sourceTree = "<group>";
		};
		8958FC7D2B0FFA6D0072EAC8 /* iOS */ = {
			isa = PBXGroup;
			children = (
				8958FCCC2B0FFFFE0072EAC8 /* App */,
				8958FCCA2B0FFF920072EAC8 /* Resource */,
			);
			path = iOS;
			sourceTree = "<group>";
		};
		8958FCCA2B0FFF920072EAC8 /* Resource */ = {
			isa = PBXGroup;
			children = (
				8958FC872B0FFA6E0072EAC8 /* Assets.xcassets */,
				8958FC892B0FFA6E0072EAC8 /* LaunchScreen.storyboard */,
				8958FC8C2B0FFA6E0072EAC8 /* Info.plist */,
				8958FCD12B1001080072EAC8 /* InfoPlist.xcstrings */,
				8958FCD32B1001160072EAC8 /* Localizable.xcstrings */,
			);
			path = Resource;
			sourceTree = "<group>";
		};
		8958FCCC2B0FFFFE0072EAC8 /* App */ = {
			isa = PBXGroup;
			children = (
				8958FCCE2B1000110072EAC8 /* Main */,
				8958FCCD2B10000B0072EAC8 /* Core */,
				8958FC7E2B0FFA6D0072EAC8 /* AppDelegate.swift */,
				8958FC802B0FFA6D0072EAC8 /* SceneDelegate.swift */,
			);
			path = App;
			sourceTree = "<group>";
		};
		8958FCCD2B10000B0072EAC8 /* Core */ = {
			isa = PBXGroup;
			children = (
			);
			path = Core;
			sourceTree = "<group>";
		};
		8958FCCE2B1000110072EAC8 /* Main */ = {
			isa = PBXGroup;
			children = (
				8958FCCF2B10007F0072EAC8 /* AppTabBarController.swift */,
			);
			path = Main;
			sourceTree = "<group>";
		};
/* End PBXGroup section */

/* Begin PBXNativeTarget section */
		8958FC7A2B0FFA6D0072EAC8 /* iOS */ = {
			isa = PBXNativeTarget;
			buildConfigurationList = 8958FC8F2B0FFA6E0072EAC8 /* Build configuration list for PBXNativeTarget "iOS" */;
			buildPhases = (
				8958FC772B0FFA6D0072EAC8 /* Sources */,
				8958FC782B0FFA6D0072EAC8 /* Frameworks */,
				8958FC792B0FFA6D0072EAC8 /* Resources */,
			);
			buildRules = (
			);
			dependencies = (
			);
			name = iOS;
			productName = iOS;
			productReference = 8958FC7B2B0FFA6D0072EAC8 /* iOS.app */;
			productType = "com.apple.product-type.application";
		};
/* End PBXNativeTarget section */

/* Begin PBXProject section */
		8958FC732B0FFA6D0072EAC8 /* Project object */ = {
			isa = PBXProject;
			attributes = {
				BuildIndependentTargetsInParallel = 1;
				LastSwiftUpdateCheck = 1500;
				LastUpgradeCheck = 1500;
				TargetAttributes = {
					8958FC7A2B0FFA6D0072EAC8 = {
						CreatedOnToolsVersion = 15.0.1;
					};
				};
			};
			buildConfigurationList = 8958FC762B0FFA6D0072EAC8 /* Build configuration list for PBXProject "iOS" */;
			compatibilityVersion = "Xcode 14.0";
			developmentRegion = en;
			hasScannedForEncodings = 0;
			knownRegions = (
				en,
				Base,
			);
			mainGroup = 8958FC722B0FFA6D0072EAC8;
			productRefGroup = 8958FC7C2B0FFA6D0072EAC8 /* Products */;
			projectDirPath = "";
			projectRoot = "";
			targets = (
				8958FC7A2B0FFA6D0072EAC8 /* iOS */,
			);
		};
/* End PBXProject section */

/* Begin PBXResourcesBuildPhase section */
		8958FC792B0FFA6D0072EAC8 /* Resources */ = {
			isa = PBXResourcesBuildPhase;
			buildActionMask = 2147483647;
			files = (
				8958FCD22B1001080072EAC8 /* InfoPlist.xcstrings in Resources */,
				8958FC8B2B0FFA6E0072EAC8 /* LaunchScreen.storyboard in Resources */,
				8958FCD42B1001160072EAC8 /* Localizable.xcstrings in Resources */,
				8958FC882B0FFA6E0072EAC8 /* Assets.xcassets in Resources */,
			);
			runOnlyForDeploymentPostprocessing = 0;
		};
/* End PBXResourcesBuildPhase section */

/* Begin PBXSourcesBuildPhase section */
		8958FC772B0FFA6D0072EAC8 /* Sources */ = {
			isa = PBXSourcesBuildPhase;
			buildActionMask = 2147483647;
			files = (
				8958FCD02B10007F0072EAC8 /* AppTabBarController.swift in Sources */,
				8958FC7F2B0FFA6D0072EAC8 /* AppDelegate.swift in Sources */,
				8958FC812B0FFA6D0072EAC8 /* SceneDelegate.swift in Sources */,
			);
			runOnlyForDeploymentPostprocessing = 0;
		};
/* End PBXSourcesBuildPhase section */

/* Begin PBXVariantGroup section */
		8958FC892B0FFA6E0072EAC8 /* LaunchScreen.storyboard */ = {
			isa = PBXVariantGroup;
			children = (
				8958FC8A2B0FFA6E0072EAC8 /* Base */,
			);
			name = LaunchScreen.storyboard;
			sourceTree = "<group>";
		};
/* End PBXVariantGroup section */

/* Begin XCBuildConfiguration section */
		8958FC8D2B0FFA6E0072EAC8 /* Debug */ = {
			isa = XCBuildConfiguration;
			buildSettings = {
				ALWAYS_SEARCH_USER_PATHS = NO;
				ASSETCATALOG_COMPILER_GENERATE_SWIFT_ASSET_SYMBOL_EXTENSIONS = YES;
				CLANG_ANALYZER_NONNULL = YES;
				CLANG_ANALYZER_NUMBER_OBJECT_CONVERSION = YES_AGGRESSIVE;
				CLANG_CXX_LANGUAGE_STANDARD = "gnu++20";
				CLANG_ENABLE_MODULES = YES;
				CLANG_ENABLE_OBJC_ARC = YES;
				CLANG_ENABLE_OBJC_WEAK = YES;
				CLANG_WARN_BLOCK_CAPTURE_AUTORELEASING = YES;
				CLANG_WARN_BOOL_CONVERSION = YES;
				CLANG_WARN_COMMA = YES;
				CLANG_WARN_CONSTANT_CONVERSION = YES;
				CLANG_WARN_DEPRECATED_OBJC_IMPLEMENTATIONS = YES;
				CLANG_WARN_DIRECT_OBJC_ISA_USAGE = YES_ERROR;
				CLANG_WARN_DOCUMENTATION_COMMENTS = YES;
				CLANG_WARN_EMPTY_BODY = YES;
				CLANG_WARN_ENUM_CONVERSION = YES;
				CLANG_WARN_INFINITE_RECURSION = YES;
				CLANG_WARN_INT_CONVERSION = YES;
				CLANG_WARN_NON_LITERAL_NULL_CONVERSION = YES;
				CLANG_WARN_OBJC_IMPLICIT_RETAIN_SELF = YES;
				CLANG_WARN_OBJC_LITERAL_CONVERSION = YES;
				CLANG_WARN_OBJC_ROOT_CLASS = YES_ERROR;
				CLANG_WARN_QUOTED_INCLUDE_IN_FRAMEWORK_HEADER = YES;
				CLANG_WARN_RANGE_LOOP_ANALYSIS = YES;
				CLANG_WARN_STRICT_PROTOTYPES = YES;
				CLANG_WARN_SUSPICIOUS_MOVE = YES;
				CLANG_WARN_UNGUARDED_AVAILABILITY = YES_AGGRESSIVE;
				CLANG_WARN_UNREACHABLE_CODE = YES;
				CLANG_WARN__DUPLICATE_METHOD_MATCH = YES;
				COPY_PHASE_STRIP = NO;
				DEBUG_INFORMATION_FORMAT = dwarf;
				ENABLE_STRICT_OBJC_MSGSEND = YES;
				ENABLE_TESTABILITY = YES;
				ENABLE_USER_SCRIPT_SANDBOXING = YES;
				GCC_C_LANGUAGE_STANDARD = gnu17;
				GCC_DYNAMIC_NO_PIC = NO;
				GCC_NO_COMMON_BLOCKS = YES;
				GCC_OPTIMIZATION_LEVEL = 0;
				GCC_PREPROCESSOR_DEFINITIONS = (
					"DEBUG=1",
					"$(inherited)",
				);
				GCC_WARN_64_TO_32_BIT_CONVERSION = YES;
				GCC_WARN_ABOUT_RETURN_TYPE = YES_ERROR;
				GCC_WARN_UNDECLARED_SELECTOR = YES;
				GCC_WARN_UNINITIALIZED_AUTOS = YES_AGGRESSIVE;
				GCC_WARN_UNUSED_FUNCTION = YES;
				GCC_WARN_UNUSED_VARIABLE = YES;
				IPHONEOS_DEPLOYMENT_TARGET = 17.0;
				LOCALIZATION_PREFERS_STRING_CATALOGS = YES;
				MTL_ENABLE_DEBUG_INFO = INCLUDE_SOURCE;
				MTL_FAST_MATH = YES;
				ONLY_ACTIVE_ARCH = YES;
				SDKROOT = iphoneos;
				SWIFT_ACTIVE_COMPILATION_CONDITIONS = "DEBUG $(inherited)";
				SWIFT_OPTIMIZATION_LEVEL = "-Onone";
			};
			name = Debug;
		};
		8958FC8E2B0FFA6E0072EAC8 /* Release */ = {
			isa = XCBuildConfiguration;
			buildSettings = {
				ALWAYS_SEARCH_USER_PATHS = NO;
				ASSETCATALOG_COMPILER_GENERATE_SWIFT_ASSET_SYMBOL_EXTENSIONS = YES;
				CLANG_ANALYZER_NONNULL = YES;
				CLANG_ANALYZER_NUMBER_OBJECT_CONVERSION = YES_AGGRESSIVE;
				CLANG_CXX_LANGUAGE_STANDARD = "gnu++20";
				CLANG_ENABLE_MODULES = YES;
				CLANG_ENABLE_OBJC_ARC = YES;
				CLANG_ENABLE_OBJC_WEAK = YES;
				CLANG_WARN_BLOCK_CAPTURE_AUTORELEASING = YES;
				CLANG_WARN_BOOL_CONVERSION = YES;
				CLANG_WARN_COMMA = YES;
				CLANG_WARN_CONSTANT_CONVERSION = YES;
				CLANG_WARN_DEPRECATED_OBJC_IMPLEMENTATIONS = YES;
				CLANG_WARN_DIRECT_OBJC_ISA_USAGE = YES_ERROR;
				CLANG_WARN_DOCUMENTATION_COMMENTS = YES;
				CLANG_WARN_EMPTY_BODY = YES;
				CLANG_WARN_ENUM_CONVERSION = YES;
				CLANG_WARN_INFINITE_RECURSION = YES;
				CLANG_WARN_INT_CONVERSION = YES;
				CLANG_WARN_NON_LITERAL_NULL_CONVERSION = YES;
				CLANG_WARN_OBJC_IMPLICIT_RETAIN_SELF = YES;
				CLANG_WARN_OBJC_LITERAL_CONVERSION = YES;
				CLANG_WARN_OBJC_ROOT_CLASS = YES_ERROR;
				CLANG_WARN_QUOTED_INCLUDE_IN_FRAMEWORK_HEADER = YES;
				CLANG_WARN_RANGE_LOOP_ANALYSIS = YES;
				CLANG_WARN_STRICT_PROTOTYPES = YES;
				CLANG_WARN_SUSPICIOUS_MOVE = YES;
				CLANG_WARN_UNGUARDED_AVAILABILITY = YES_AGGRESSIVE;
				CLANG_WARN_UNREACHABLE_CODE = YES;
				CLANG_WARN__DUPLICATE_METHOD_MATCH = YES;
				COPY_PHASE_STRIP = NO;
				DEBUG_INFORMATION_FORMAT = "dwarf-with-dsym";
				ENABLE_NS_ASSERTIONS = NO;
				ENABLE_STRICT_OBJC_MSGSEND = YES;
				ENABLE_USER_SCRIPT_SANDBOXING = YES;
				GCC_C_LANGUAGE_STANDARD = gnu17;
				GCC_NO_COMMON_BLOCKS = YES;
				GCC_WARN_64_TO_32_BIT_CONVERSION = YES;
				GCC_WARN_ABOUT_RETURN_TYPE = YES_ERROR;
				GCC_WARN_UNDECLARED_SELECTOR = YES;
				GCC_WARN_UNINITIALIZED_AUTOS = YES_AGGRESSIVE;
				GCC_WARN_UNUSED_FUNCTION = YES;
				GCC_WARN_UNUSED_VARIABLE = YES;
				IPHONEOS_DEPLOYMENT_TARGET = 17.0;
				LOCALIZATION_PREFERS_STRING_CATALOGS = YES;
				MTL_ENABLE_DEBUG_INFO = NO;
				MTL_FAST_MATH = YES;
				SDKROOT = iphoneos;
				SWIFT_COMPILATION_MODE = wholemodule;
				VALIDATE_PRODUCT = YES;
			};
			name = Release;
		};
		8958FC902B0FFA6E0072EAC8 /* Debug */ = {
			isa = XCBuildConfiguration;
			buildSettings = {
				ASSETCATALOG_COMPILER_APPICON_NAME = AppIcon;
				ASSETCATALOG_COMPILER_GLOBAL_ACCENT_COLOR_NAME = AccentColor;
				CODE_SIGN_STYLE = Automatic;
				CURRENT_PROJECT_VERSION = 1;
				DEVELOPMENT_TEAM = K682D44QJG;
				GENERATE_INFOPLIST_FILE = YES;
				INFOPLIST_FILE = iOS/Info.plist;
				INFOPLIST_KEY_UIApplicationSupportsIndirectInputEvents = YES;
				INFOPLIST_KEY_UILaunchStoryboardName = LaunchScreen;
				INFOPLIST_KEY_UIMainStoryboardFile = Main;
				INFOPLIST_KEY_UISupportedInterfaceOrientations_iPad = "UIInterfaceOrientationPortrait UIInterfaceOrientationPortraitUpsideDown UIInterfaceOrientationLandscapeLeft UIInterfaceOrientationLandscapeRight";
				INFOPLIST_KEY_UISupportedInterfaceOrientations_iPhone = "UIInterfaceOrientationPortrait UIInterfaceOrientationLandscapeLeft UIInterfaceOrientationLandscapeRight";
				LD_RUNPATH_SEARCH_PATHS = (
					"$(inherited)",
					"@executable_path/Frameworks",
				);
				MARKETING_VERSION = 1.0;
				PRODUCT_BUNDLE_IDENTIFIER = airlance.iOS;
				PRODUCT_NAME = "$(TARGET_NAME)";
				SWIFT_EMIT_LOC_STRINGS = YES;
				SWIFT_VERSION = 5.0;
				TARGETED_DEVICE_FAMILY = "1,2";
			};
			name = Debug;
		};
		8958FC912B0FFA6E0072EAC8 /* Release */ = {
			isa = XCBuildConfiguration;
			buildSettings = {
				ASSETCATALOG_COMPILER_APPICON_NAME = AppIcon;
				ASSETCATALOG_COMPILER_GLOBAL_ACCENT_COLOR_NAME = AccentColor;
				CODE_SIGN_STYLE = Automatic;
				CURRENT_PROJECT_VERSION = 1;
				DEVELOPMENT_TEAM = K682D44QJG;
				GENERATE_INFOPLIST_FILE = YES;
				INFOPLIST_FILE = iOS/Info.plist;
				INFOPLIST_KEY_UIApplicationSupportsIndirectInputEvents = YES;
				INFOPLIST_KEY_UILaunchStoryboardName = LaunchScreen;
				INFOPLIST_KEY_UIMainStoryboardFile = Main;
				INFOPLIST_KEY_UISupportedInterfaceOrientations_iPad = "UIInterfaceOrientationPortrait UIInterfaceOrientationPortraitUpsideDown UIInterfaceOrientationLandscapeLeft UIInterfaceOrientationLandscapeRight";
				INFOPLIST_KEY_UISupportedInterfaceOrientations_iPhone = "UIInterfaceOrientationPortrait UIInterfaceOrientationLandscapeLeft UIInterfaceOrientationLandscapeRight";
				LD_RUNPATH_SEARCH_PATHS = (
					"$(inherited)",
					"@executable_path/Frameworks",
				);
				MARKETING_VERSION = 1.0;
				PRODUCT_BUNDLE_IDENTIFIER = airlance.iOS;
				PRODUCT_NAME = "$(TARGET_NAME)";
				SWIFT_EMIT_LOC_STRINGS = YES;
				SWIFT_VERSION = 5.0;
				TARGETED_DEVICE_FAMILY = "1,2";
			};
			name = Release;
		};
/* End XCBuildConfiguration section */

/* Begin XCConfigurationList section */
		8958FC762B0FFA6D0072EAC8 /* Build configuration list for PBXProject "iOS" */ = {
			isa = XCConfigurationList;
			buildConfigurations = (
				8958FC8D2B0FFA6E0072EAC8 /* Debug */,
				8958FC8E2B0FFA6E0072EAC8 /* Release */,
			);
			defaultConfigurationIsVisible = 0;
			defaultConfigurationName = Release;
		};
		8958FC8F2B0FFA6E0072EAC8 /* Build configuration list for PBXNativeTarget "iOS" */ = {
			isa = XCConfigurationList;
			buildConfigurations = (
				8958FC902B0FFA6E0072EAC8 /* Debug */,
				8958FC912B0FFA6E0072EAC8 /* Release */,
			);
			defaultConfigurationIsVisible = 0;
			defaultConfigurationName = Release;
		};
/* End XCConfigurationList section */
	};
	rootObject = 8958FC732B0FFA6D0072EAC8 /* Project object */;
}
